# This file is automatically @generated by Cargo.
# It is not intended for manual editing.
version = 3

[[package]]
name = "anothertls"
version = "0.1.0"
dependencies = [
 "ibig",
]

[[package]]
name = "anothertls"
version = "0.1.0"
source = "git+https://github.com/otsmr/anothertls.git?branch=vulntls#24c463ef83e823bbb48e4741655ceb39ec2e8523"
dependencies = [
 "ibig",
]

[[package]]
name = "cfg-if"
version = "1.0.0"
source = "registry+https://github.com/rust-lang/crates.io-index"
checksum = "baf1de4339761588bc0619e3cbc0120ee582ebb74b53b4efbf79117bd2da40fd"

[[package]]
name = "ecdsa_timing_attack"
version = "0.1.0"
dependencies = [
 "anothertls 0.1.0",
]

[[package]]
name = "ibig"
version = "0.3.6"
source = "registry+https://github.com/rust-lang/crates.io-index"
checksum = "d1fcc7f316b2c079dde77564a1360639c1a956a23fa96122732e416cb10717bb"
dependencies = [
 "cfg-if",
 "static_assertions",
]

[[package]]
name = "psychic_signatures"
version = "0.1.0"
dependencies = [
 "anothertls 0.1.0 (git+https://github.com/otsmr/anothertls.git?branch=vulntls)",
]

[[package]]
name = "static_assertions"
version = "1.1.0"
source = "registry+https://github.com/rust-lang/crates.io-index"
checksum = "a2eb9349b6444b326872e140eb1cf5e7c522154d69e7a0ffb0fb81c06b37543f"
