# This file is automatically @generated by Cargo.
# It is not intended for manual editing.
version = 3

[[package]]
name = "anothertls"
version = "0.1.1"
source = "git+https://github.com/otsmr/anothertls.git?branch=vulntls#1aeea34b458869a4a50fbd7f7cb149c081b782f6"
dependencies = [
 "ibig",
]

[[package]]
name = "cfg-if"
version = "1.0.0"
source = "registry+https://github.com/rust-lang/crates.io-index"
checksum = "baf1de4339761588bc0619e3cbc0120ee582ebb74b53b4efbf79117bd2da40fd"

[[package]]
name = "ibig"
version = "0.3.6"
source = "registry+https://github.com/rust-lang/crates.io-index"
checksum = "d1fcc7f316b2c079dde77564a1360639c1a956a23fa96122732e416cb10717bb"
dependencies = [
 "cfg-if",
 "static_assertions",
]

[[package]]
name = "psychic_signatures"
version = "0.1.0"
dependencies = [
 "anothertls",
]

[[package]]
name = "static_assertions"
version = "1.1.0"
source = "registry+https://github.com/rust-lang/crates.io-index"
checksum = "a2eb9349b6444b326872e140eb1cf5e7c522154d69e7a0ffb0fb81c06b37543f"

[[package]]
name = "timing_issues"
version = "0.1.0"
dependencies = [
 "anothertls",
]

[[package]]
name = "triple_ec"
version = "0.1.0"
dependencies = [
 "anothertls",
]
